// !$*UTF8*$!
{
	archiveVersion = 1;
	classes = {
	};
	objectVersion = 46;
	objects = {

/* Begin PBXBuildFile section */
		50820F11E1AF4CA0C0ED625E /* libPods-Camera&Cloud.a in Frameworks */ = {isa = PBXBuildFile; fileRef = 5CE8B3109385A7055BBE9425 /* libPods-Camera&Cloud.a */; };
		7B48C9D51D2DB40100B21E60 /* gitignore.txt in Resources */ = {isa = PBXBuildFile; fileRef = 7B48C9D41D2DB40100B21E60 /* gitignore.txt */; };
		7BCE11821D2D47580057882D /* TableViewCell.m in Sources */ = {isa = PBXBuildFile; fileRef = 7BCE11801D2D47580057882D /* TableViewCell.m */; };
		7BCE11831D2D47580057882D /* TableViewCell.xib in Resources */ = {isa = PBXBuildFile; fileRef = 7BCE11811D2D47580057882D /* TableViewCell.xib */; };
		7BCE11881D2DA7A40057882D /* GoogleService-Info.plist in Resources */ = {isa = PBXBuildFile; fileRef = 7BCE11871D2DA7A30057882D /* GoogleService-Info.plist */; };
		99A89E421D36F1D700C940A4 /* ImageComment.m in Sources */ = {isa = PBXBuildFile; fileRef = 99A89E411D36F1D700C940A4 /* ImageComment.m */; };
		AA2D3A491D2C10BD004E868F /* CollectionViewCell.m in Sources */ = {isa = PBXBuildFile; fileRef = AA2D3A471D2C10BD004E868F /* CollectionViewCell.m */; };
		AA2D3A4A1D2C10BD004E868F /* CollectionViewCell.xib in Resources */ = {isa = PBXBuildFile; fileRef = AA2D3A481D2C10BD004E868F /* CollectionViewCell.xib */; };
		AA2D3A4D1D2C3E38004E868F /* DAO.m in Sources */ = {isa = PBXBuildFile; fileRef = AA2D3A4C1D2C3E38004E868F /* DAO.m */; };
		AA446CA21D25576C00F96268 /* README in Resources */ = {isa = PBXBuildFile; fileRef = AA446CA11D25576C00F96268 /* README */; };
		AA446CF81D25A9D800F96268 /* CloudImage.m in Sources */ = {isa = PBXBuildFile; fileRef = AA446CF71D25A9D800F96268 /* CloudImage.m */; };
		AA84113D1D244ABF000C5AAA /* main.m in Sources */ = {isa = PBXBuildFile; fileRef = AA84113C1D244ABF000C5AAA /* main.m */; };
		AA8411401D244ABF000C5AAA /* AppDelegate.m in Sources */ = {isa = PBXBuildFile; fileRef = AA84113F1D244ABF000C5AAA /* AppDelegate.m */; };
		AA8411461D244ABF000C5AAA /* CameraViewController.m in Sources */ = {isa = PBXBuildFile; fileRef = AA8411451D244ABF000C5AAA /* CameraViewController.m */; };
		AA8411491D244ABF000C5AAA /* Main.storyboard in Resources */ = {isa = PBXBuildFile; fileRef = AA8411471D244ABF000C5AAA /* Main.storyboard */; };
		AA84114B1D244ABF000C5AAA /* Assets.xcassets in Resources */ = {isa = PBXBuildFile; fileRef = AA84114A1D244ABF000C5AAA /* Assets.xcassets */; };
		AA84114E1D244ABF000C5AAA /* LaunchScreen.storyboard in Resources */ = {isa = PBXBuildFile; fileRef = AA84114C1D244ABF000C5AAA /* LaunchScreen.storyboard */; };
		AA84115B1D244B50000C5AAA /* CloudCollectionViewController.m in Sources */ = {isa = PBXBuildFile; fileRef = AA84115A1D244B50000C5AAA /* CloudCollectionViewController.m */; };
		AA8411841D245393000C5AAA /* PicDetailsViewController.m in Sources */ = {isa = PBXBuildFile; fileRef = AA8411831D245393000C5AAA /* PicDetailsViewController.m */; };
/* End PBXBuildFile section */

/* Begin PBXFileReference section */
		5CE8B3109385A7055BBE9425 /* libPods-Camera&Cloud.a */ = {isa = PBXFileReference; explicitFileType = archive.ar; includeInIndex = 0; path = "libPods-Camera&Cloud.a"; sourceTree = BUILT_PRODUCTS_DIR; };
		758EF57AC5A50BD44149ED61 /* Pods-Camera&Cloud.debug.xcconfig */ = {isa = PBXFileReference; includeInIndex = 1; lastKnownFileType = text.xcconfig; name = "Pods-Camera&Cloud.debug.xcconfig"; path = "Pods/Target Support Files/Pods-Camera&Cloud/Pods-Camera&Cloud.debug.xcconfig"; sourceTree = "<group>"; };
		7B48C9D41D2DB40100B21E60 /* gitignore.txt */ = {isa = PBXFileReference; fileEncoding = 4; lastKnownFileType = text; path = gitignore.txt; sourceTree = "<group>"; };
		7BCE117F1D2D47580057882D /* TableViewCell.h */ = {isa = PBXFileReference; fileEncoding = 4; lastKnownFileType = sourcecode.c.h; path = TableViewCell.h; sourceTree = "<group>"; };
		7BCE11801D2D47580057882D /* TableViewCell.m */ = {isa = PBXFileReference; fileEncoding = 4; lastKnownFileType = sourcecode.c.objc; path = TableViewCell.m; sourceTree = "<group>"; };
		7BCE11811D2D47580057882D /* TableViewCell.xib */ = {isa = PBXFileReference; fileEncoding = 4; lastKnownFileType = file.xib; path = TableViewCell.xib; sourceTree = "<group>"; };
		7BCE11871D2DA7A30057882D /* GoogleService-Info.plist */ = {isa = PBXFileReference; fileEncoding = 4; lastKnownFileType = text.plist.xml; path = "GoogleService-Info.plist"; sourceTree = "<group>"; };
		99A89E401D36F1D700C940A4 /* ImageComment.h */ = {isa = PBXFileReference; fileEncoding = 4; lastKnownFileType = sourcecode.c.h; path = ImageComment.h; sourceTree = "<group>"; };
		99A89E411D36F1D700C940A4 /* ImageComment.m */ = {isa = PBXFileReference; fileEncoding = 4; lastKnownFileType = sourcecode.c.objc; path = ImageComment.m; sourceTree = "<group>"; };
		9C5889F3C93F3C59A0D85B59 /* Pods-Camera&Cloud.release.xcconfig */ = {isa = PBXFileReference; includeInIndex = 1; lastKnownFileType = text.xcconfig; name = "Pods-Camera&Cloud.release.xcconfig"; path = "Pods/Target Support Files/Pods-Camera&Cloud/Pods-Camera&Cloud.release.xcconfig"; sourceTree = "<group>"; };
		AA2D3A461D2C10BD004E868F /* CollectionViewCell.h */ = {isa = PBXFileReference; fileEncoding = 4; lastKnownFileType = sourcecode.c.h; path = CollectionViewCell.h; sourceTree = "<group>"; };
		AA2D3A471D2C10BD004E868F /* CollectionViewCell.m */ = {isa = PBXFileReference; fileEncoding = 4; lastKnownFileType = sourcecode.c.objc; path = CollectionViewCell.m; sourceTree = "<group>"; };
		AA2D3A481D2C10BD004E868F /* CollectionViewCell.xib */ = {isa = PBXFileReference; fileEncoding = 4; lastKnownFileType = file.xib; path = CollectionViewCell.xib; sourceTree = "<group>"; };
		AA2D3A4B1D2C3E38004E868F /* DAO.h */ = {isa = PBXFileReference; fileEncoding = 4; lastKnownFileType = sourcecode.c.h; path = DAO.h; sourceTree = "<group>"; };
		AA2D3A4C1D2C3E38004E868F /* DAO.m */ = {isa = PBXFileReference; fileEncoding = 4; lastKnownFileType = sourcecode.c.objc; path = DAO.m; sourceTree = "<group>"; };
		AA446CA11D25576C00F96268 /* README */ = {isa = PBXFileReference; fileEncoding = 4; lastKnownFileType = text; name = README; path = ../README; sourceTree = "<group>"; };
		AA446CF61D25A9D800F96268 /* CloudImage.h */ = {isa = PBXFileReference; fileEncoding = 4; lastKnownFileType = sourcecode.c.h; path = CloudImage.h; sourceTree = "<group>"; };
		AA446CF71D25A9D800F96268 /* CloudImage.m */ = {isa = PBXFileReference; fileEncoding = 4; lastKnownFileType = sourcecode.c.objc; path = CloudImage.m; sourceTree = "<group>"; };
		AA8411381D244ABF000C5AAA /* Camera&Cloud.app */ = {isa = PBXFileReference; explicitFileType = wrapper.application; includeInIndex = 0; path = "Camera&Cloud.app"; sourceTree = BUILT_PRODUCTS_DIR; };
		AA84113C1D244ABF000C5AAA /* main.m */ = {isa = PBXFileReference; lastKnownFileType = sourcecode.c.objc; path = main.m; sourceTree = "<group>"; };
		AA84113E1D244ABF000C5AAA /* AppDelegate.h */ = {isa = PBXFileReference; lastKnownFileType = sourcecode.c.h; path = AppDelegate.h; sourceTree = "<group>"; };
		AA84113F1D244ABF000C5AAA /* AppDelegate.m */ = {isa = PBXFileReference; lastKnownFileType = sourcecode.c.objc; path = AppDelegate.m; sourceTree = "<group>"; };
		AA8411441D244ABF000C5AAA /* CameraViewController.h */ = {isa = PBXFileReference; lastKnownFileType = sourcecode.c.h; path = CameraViewController.h; sourceTree = "<group>"; };
		AA8411451D244ABF000C5AAA /* CameraViewController.m */ = {isa = PBXFileReference; lastKnownFileType = sourcecode.c.objc; path = CameraViewController.m; sourceTree = "<group>"; };
		AA8411481D244ABF000C5AAA /* Base */ = {isa = PBXFileReference; lastKnownFileType = file.storyboard; name = Base; path = Base.lproj/Main.storyboard; sourceTree = "<group>"; };
		AA84114A1D244ABF000C5AAA /* Assets.xcassets */ = {isa = PBXFileReference; lastKnownFileType = folder.assetcatalog; path = Assets.xcassets; sourceTree = "<group>"; };
		AA84114D1D244ABF000C5AAA /* Base */ = {isa = PBXFileReference; lastKnownFileType = file.storyboard; name = Base; path = Base.lproj/LaunchScreen.storyboard; sourceTree = "<group>"; };
		AA84114F1D244ABF000C5AAA /* Info.plist */ = {isa = PBXFileReference; lastKnownFileType = text.plist.xml; path = Info.plist; sourceTree = "<group>"; };
		AA8411591D244B50000C5AAA /* CloudCollectionViewController.h */ = {isa = PBXFileReference; fileEncoding = 4; lastKnownFileType = sourcecode.c.h; name = CloudCollectionViewController.h; path = ../CloudCollectionViewController.h; sourceTree = "<group>"; };
		AA84115A1D244B50000C5AAA /* CloudCollectionViewController.m */ = {isa = PBXFileReference; fileEncoding = 4; lastKnownFileType = sourcecode.c.objc; name = CloudCollectionViewController.m; path = ../CloudCollectionViewController.m; sourceTree = "<group>"; };
		AA8411821D245393000C5AAA /* PicDetailsViewController.h */ = {isa = PBXFileReference; fileEncoding = 4; lastKnownFileType = sourcecode.c.h; path = PicDetailsViewController.h; sourceTree = "<group>"; };
		AA8411831D245393000C5AAA /* PicDetailsViewController.m */ = {isa = PBXFileReference; fileEncoding = 4; lastKnownFileType = sourcecode.c.objc; path = PicDetailsViewController.m; sourceTree = "<group>"; };
/* End PBXFileReference section */

/* Begin PBXFrameworksBuildPhase section */
		AA8411351D244ABF000C5AAA /* Frameworks */ = {
			isa = PBXFrameworksBuildPhase;
			buildActionMask = 2147483647;
			files = (
				50820F11E1AF4CA0C0ED625E /* libPods-Camera&Cloud.a in Frameworks */,
			);
			runOnlyForDeploymentPostprocessing = 0;
		};
/* End PBXFrameworksBuildPhase section */

/* Begin PBXGroup section */
		A65C29DB4C073BE82FAE63BE /* Frameworks */ = {
			isa = PBXGroup;
			children = (
				5CE8B3109385A7055BBE9425 /* libPods-Camera&Cloud.a */,
			);
			name = Frameworks;
			sourceTree = "<group>";
		};
		AA84112F1D244ABF000C5AAA = {
			isa = PBXGroup;
			children = (
				AA84113A1D244ABF000C5AAA /* Camera&Cloud */,
				AA8411391D244ABF000C5AAA /* Products */,
				B63D0264FF09BB3D86FE2705 /* Pods */,
				A65C29DB4C073BE82FAE63BE /* Frameworks */,
			);
			sourceTree = "<group>";
		};
		AA8411391D244ABF000C5AAA /* Products */ = {
			isa = PBXGroup;
			children = (
				AA8411381D244ABF000C5AAA /* Camera&Cloud.app */,
			);
			name = Products;
			sourceTree = "<group>";
		};
		AA84113A1D244ABF000C5AAA /* Camera&Cloud */ = {
			isa = PBXGroup;
			children = (
				AA8411551D244ACE000C5AAA /* App Delegate */,
				AA8411881D2455D1000C5AAA /* Model */,
				AA8411581D244AEE000C5AAA /* View */,
				AA8411571D244AE1000C5AAA /* Controller */,
				AA84113B1D244ABF000C5AAA /* Supporting Files */,
			);
			path = "Camera&Cloud";
			sourceTree = "<group>";
		};
		AA84113B1D244ABF000C5AAA /* Supporting Files */ = {
			isa = PBXGroup;
			children = (
				7B48C9D41D2DB40100B21E60 /* gitignore.txt */,
				7BCE11871D2DA7A30057882D /* GoogleService-Info.plist */,
				AA446CA11D25576C00F96268 /* README */,
				AA84114A1D244ABF000C5AAA /* Assets.xcassets */,
				AA84114F1D244ABF000C5AAA /* Info.plist */,
				AA84113C1D244ABF000C5AAA /* main.m */,
			);
			name = "Supporting Files";
			sourceTree = "<group>";
		};
		AA8411551D244ACE000C5AAA /* App Delegate */ = {
			isa = PBXGroup;
			children = (
				AA84113E1D244ABF000C5AAA /* AppDelegate.h */,
				AA84113F1D244ABF000C5AAA /* AppDelegate.m */,
			);
			name = "App Delegate";
			sourceTree = "<group>";
		};
		AA8411571D244AE1000C5AAA /* Controller */ = {
			isa = PBXGroup;
			children = (
				AA8411591D244B50000C5AAA /* CloudCollectionViewController.h */,
				AA84115A1D244B50000C5AAA /* CloudCollectionViewController.m */,
				AA8411821D245393000C5AAA /* PicDetailsViewController.h */,
				AA8411831D245393000C5AAA /* PicDetailsViewController.m */,
				AA8411441D244ABF000C5AAA /* CameraViewController.h */,
				AA8411451D244ABF000C5AAA /* CameraViewController.m */,
			);
			name = Controller;
			sourceTree = "<group>";
		};
		AA8411581D244AEE000C5AAA /* View */ = {
			isa = PBXGroup;
			children = (
				AA8411471D244ABF000C5AAA /* Main.storyboard */,
				AA84114C1D244ABF000C5AAA /* LaunchScreen.storyboard */,
				AA2D3A481D2C10BD004E868F /* CollectionViewCell.xib */,
				AA2D3A461D2C10BD004E868F /* CollectionViewCell.h */,
				AA2D3A471D2C10BD004E868F /* CollectionViewCell.m */,
				7BCE11811D2D47580057882D /* TableViewCell.xib */,
				7BCE117F1D2D47580057882D /* TableViewCell.h */,
				7BCE11801D2D47580057882D /* TableViewCell.m */,
			);
			name = View;
			sourceTree = "<group>";
		};
		AA8411881D2455D1000C5AAA /* Model */ = {
			isa = PBXGroup;
			children = (
				AA2D3A4B1D2C3E38004E868F /* DAO.h */,
				AA2D3A4C1D2C3E38004E868F /* DAO.m */,
				AA446CF61D25A9D800F96268 /* CloudImage.h */,
				AA446CF71D25A9D800F96268 /* CloudImage.m */,
				99A89E401D36F1D700C940A4 /* ImageComment.h */,
				99A89E411D36F1D700C940A4 /* ImageComment.m */,
			);
			name = Model;
			sourceTree = "<group>";
		};
		B63D0264FF09BB3D86FE2705 /* Pods */ = {
			isa = PBXGroup;
			children = (
				758EF57AC5A50BD44149ED61 /* Pods-Camera&Cloud.debug.xcconfig */,
				9C5889F3C93F3C59A0D85B59 /* Pods-Camera&Cloud.release.xcconfig */,
			);
			name = Pods;
			sourceTree = "<group>";
		};
/* End PBXGroup section */

/* Begin PBXNativeTarget section */
		AA8411371D244ABF000C5AAA /* Camera&Cloud */ = {
			isa = PBXNativeTarget;
			buildConfigurationList = AA8411521D244ABF000C5AAA /* Build configuration list for PBXNativeTarget "Camera&Cloud" */;
			buildPhases = (
				6084F3964AE5DC7D1599C7FF /* [CP] Check Pods Manifest.lock */,
				AA8411341D244ABF000C5AAA /* Sources */,
				AA8411351D244ABF000C5AAA /* Frameworks */,
				AA8411361D244ABF000C5AAA /* Resources */,
				36896BAF4449E2AD37A1C2B7 /* [CP] Embed Pods Frameworks */,
				ADA1AD6CC69C3AA9EA63EEC7 /* [CP] Copy Pods Resources */,
			);
			buildRules = (
			);
			dependencies = (
			);
			name = "Camera&Cloud";
			productName = "Camera&Cloud";
			productReference = AA8411381D244ABF000C5AAA /* Camera&Cloud.app */;
			productType = "com.apple.product-type.application";
		};
/* End PBXNativeTarget section */

/* Begin PBXProject section */
		AA8411301D244ABF000C5AAA /* Project object */ = {
			isa = PBXProject;
			attributes = {
				LastUpgradeCheck = 0730;
				ORGANIZATIONNAME = TurnToTech;
				TargetAttributes = {
					AA8411371D244ABF000C5AAA = {
						CreatedOnToolsVersion = 7.3.1;
						DevelopmentTeam = N4Z4DHHUE9;
					};
				};
			};
			buildConfigurationList = AA8411331D244ABF000C5AAA /* Build configuration list for PBXProject "Camera&Cloud" */;
			compatibilityVersion = "Xcode 3.2";
			developmentRegion = English;
			hasScannedForEncodings = 0;
			knownRegions = (
				en,
				Base,
			);
			mainGroup = AA84112F1D244ABF000C5AAA;
			productRefGroup = AA8411391D244ABF000C5AAA /* Products */;
			projectDirPath = "";
			projectRoot = "";
			targets = (
				AA8411371D244ABF000C5AAA /* Camera&Cloud */,
			);
		};
/* End PBXProject section */

/* Begin PBXResourcesBuildPhase section */
		AA8411361D244ABF000C5AAA /* Resources */ = {
			isa = PBXResourcesBuildPhase;
			buildActionMask = 2147483647;
			files = (
				AA84114E1D244ABF000C5AAA /* LaunchScreen.storyboard in Resources */,
				7BCE11881D2DA7A40057882D /* GoogleService-Info.plist in Resources */,
				AA84114B1D244ABF000C5AAA /* Assets.xcassets in Resources */,
				7BCE11831D2D47580057882D /* TableViewCell.xib in Resources */,
				AA2D3A4A1D2C10BD004E868F /* CollectionViewCell.xib in Resources */,
				AA8411491D244ABF000C5AAA /* Main.storyboard in Resources */,
				AA446CA21D25576C00F96268 /* README in Resources */,
				7B48C9D51D2DB40100B21E60 /* gitignore.txt in Resources */,
			);
			runOnlyForDeploymentPostprocessing = 0;
		};
/* End PBXResourcesBuildPhase section */

/* Begin PBXShellScriptBuildPhase section */
		36896BAF4449E2AD37A1C2B7 /* [CP] Embed Pods Frameworks */ = {
			isa = PBXShellScriptBuildPhase;
			buildActionMask = 2147483647;
			files = (
			);
			inputPaths = (
			);
			name = "[CP] Embed Pods Frameworks";
			outputPaths = (
			);
			runOnlyForDeploymentPostprocessing = 0;
			shellPath = /bin/sh;
			shellScript = "\"${SRCROOT}/Pods/Target Support Files/Pods-Camera&Cloud/Pods-Camera&Cloud-frameworks.sh\"\n";
			showEnvVarsInLog = 0;
		};
		6084F3964AE5DC7D1599C7FF /* [CP] Check Pods Manifest.lock */ = {
			isa = PBXShellScriptBuildPhase;
			buildActionMask = 2147483647;
			files = (
			);
			inputPaths = (
			);
			name = "[CP] Check Pods Manifest.lock";
			outputPaths = (
			);
			runOnlyForDeploymentPostprocessing = 0;
			shellPath = /bin/sh;
			shellScript = "diff \"${PODS_ROOT}/../Podfile.lock\" \"${PODS_ROOT}/Manifest.lock\" > /dev/null\nif [[ $? != 0 ]] ; then\n    cat << EOM\nerror: The sandbox is not in sync with the Podfile.lock. Run 'pod install' or update your CocoaPods installation.\nEOM\n    exit 1\nfi\n";
			showEnvVarsInLog = 0;
		};
		ADA1AD6CC69C3AA9EA63EEC7 /* [CP] Copy Pods Resources */ = {
			isa = PBXShellScriptBuildPhase;
			buildActionMask = 2147483647;
			files = (
			);
			inputPaths = (
			);
			name = "[CP] Copy Pods Resources";
			outputPaths = (
			);
			runOnlyForDeploymentPostprocessing = 0;
			shellPath = /bin/sh;
			shellScript = "\"${SRCROOT}/Pods/Target Support Files/Pods-Camera&Cloud/Pods-Camera&Cloud-resources.sh\"\n";
			showEnvVarsInLog = 0;
		};
/* End PBXShellScriptBuildPhase section */

/* Begin PBXSourcesBuildPhase section */
		AA8411341D244ABF000C5AAA /* Sources */ = {
			isa = PBXSourcesBuildPhase;
			buildActionMask = 2147483647;
			files = (
				AA8411841D245393000C5AAA /* PicDetailsViewController.m in Sources */,
				AA446CF81D25A9D800F96268 /* CloudImage.m in Sources */,
				AA84115B1D244B50000C5AAA /* CloudCollectionViewController.m in Sources */,
				AA8411461D244ABF000C5AAA /* CameraViewController.m in Sources */,
				AA8411401D244ABF000C5AAA /* AppDelegate.m in Sources */,
				AA84113D1D244ABF000C5AAA /* main.m in Sources */,
				99A89E421D36F1D700C940A4 /* ImageComment.m in Sources */,
				AA2D3A4D1D2C3E38004E868F /* DAO.m in Sources */,
				AA2D3A491D2C10BD004E868F /* CollectionViewCell.m in Sources */,
				7BCE11821D2D47580057882D /* TableViewCell.m in Sources */,
			);
			runOnlyForDeploymentPostprocessing = 0;
		};
/* End PBXSourcesBuildPhase section */

/* Begin PBXVariantGroup section */
		AA8411471D244ABF000C5AAA /* Main.storyboard */ = {
			isa = PBXVariantGroup;
			children = (
				AA8411481D244ABF000C5AAA /* Base */,
			);
			name = Main.storyboard;
			sourceTree = "<group>";
		};
		AA84114C1D244ABF000C5AAA /* LaunchScreen.storyboard */ = {
			isa = PBXVariantGroup;
			children = (
				AA84114D1D244ABF000C5AAA /* Base */,
			);
			name = LaunchScreen.storyboard;
			sourceTree = "<group>";
		};
/* End PBXVariantGroup section */

/* Begin XCBuildConfiguration section */
		AA8411501D244ABF000C5AAA /* Debug */ = {
			isa = XCBuildConfiguration;
			buildSettings = {
				ALWAYS_SEARCH_USER_PATHS = NO;
				CLANG_ANALYZER_NONNULL = YES;
				CLANG_CXX_LANGUAGE_STANDARD = "gnu++0x";
				CLANG_CXX_LIBRARY = "libc++";
				CLANG_ENABLE_MODULES = YES;
				CLANG_ENABLE_OBJC_ARC = YES;
				CLANG_WARN_BOOL_CONVERSION = YES;
				CLANG_WARN_CONSTANT_CONVERSION = YES;
				CLANG_WARN_DIRECT_OBJC_ISA_USAGE = YES_ERROR;
				CLANG_WARN_EMPTY_BODY = YES;
				CLANG_WARN_ENUM_CONVERSION = YES;
				CLANG_WARN_INT_CONVERSION = YES;
				CLANG_WARN_OBJC_ROOT_CLASS = YES_ERROR;
				CLANG_WARN_UNREACHABLE_CODE = YES;
				CLANG_WARN__DUPLICATE_METHOD_MATCH = YES;
				"CODE_SIGN_IDENTITY[sdk=iphoneos*]" = "iPhone Developer";
				COPY_PHASE_STRIP = NO;
				DEBUG_INFORMATION_FORMAT = dwarf;
				ENABLE_STRICT_OBJC_MSGSEND = YES;
				ENABLE_TESTABILITY = YES;
				GCC_C_LANGUAGE_STANDARD = gnu99;
				GCC_DYNAMIC_NO_PIC = NO;
				GCC_NO_COMMON_BLOCKS = YES;
				GCC_OPTIMIZATION_LEVEL = 0;
				GCC_PREPROCESSOR_DEFINITIONS = (
					"DEBUG=1",
					"$(inherited)",
				);
				GCC_WARN_64_TO_32_BIT_CONVERSION = YES;
				GCC_WARN_ABOUT_RETURN_TYPE = YES_ERROR;
				GCC_WARN_UNDECLARED_SELECTOR = YES;
				GCC_WARN_UNINITIALIZED_AUTOS = YES_AGGRESSIVE;
				GCC_WARN_UNUSED_FUNCTION = YES;
				GCC_WARN_UNUSED_VARIABLE = YES;
				IPHONEOS_DEPLOYMENT_TARGET = 9.3;
				MTL_ENABLE_DEBUG_INFO = YES;
				ONLY_ACTIVE_ARCH = YES;
				SDKROOT = iphoneos;
				TARGETED_DEVICE_FAMILY = "1,2";
			};
			name = Debug;
		};
		AA8411511D244ABF000C5AAA /* Release */ = {
			isa = XCBuildConfiguration;
			buildSettings = {
				ALWAYS_SEARCH_USER_PATHS = NO;
				CLANG_ANALYZER_NONNULL = YES;
				CLANG_CXX_LANGUAGE_STANDARD = "gnu++0x";
				CLANG_CXX_LIBRARY = "libc++";
				CLANG_ENABLE_MODULES = YES;
				CLANG_ENABLE_OBJC_ARC = YES;
				CLANG_WARN_BOOL_CONVERSION = YES;
				CLANG_WARN_CONSTANT_CONVERSION = YES;
				CLANG_WARN_DIRECT_OBJC_ISA_USAGE = YES_ERROR;
				CLANG_WARN_EMPTY_BODY = YES;
				CLANG_WARN_ENUM_CONVERSION = YES;
				CLANG_WARN_INT_CONVERSION = YES;
				CLANG_WARN_OBJC_ROOT_CLASS = YES_ERROR;
				CLANG_WARN_UNREACHABLE_CODE = YES;
				CLANG_WARN__DUPLICATE_METHOD_MATCH = YES;
				"CODE_SIGN_IDENTITY[sdk=iphoneos*]" = "iPhone Developer";
				COPY_PHASE_STRIP = NO;
				DEBUG_INFORMATION_FORMAT = "dwarf-with-dsym";
				ENABLE_NS_ASSERTIONS = NO;
				ENABLE_STRICT_OBJC_MSGSEND = YES;
				GCC_C_LANGUAGE_STANDARD = gnu99;
				GCC_NO_COMMON_BLOCKS = YES;
				GCC_WARN_64_TO_32_BIT_CONVERSION = YES;
				GCC_WARN_ABOUT_RETURN_TYPE = YES_ERROR;
				GCC_WARN_UNDECLARED_SELECTOR = YES;
				GCC_WARN_UNINITIALIZED_AUTOS = YES_AGGRESSIVE;
				GCC_WARN_UNUSED_FUNCTION = YES;
				GCC_WARN_UNUSED_VARIABLE = YES;
				IPHONEOS_DEPLOYMENT_TARGET = 9.3;
				MTL_ENABLE_DEBUG_INFO = NO;
				SDKROOT = iphoneos;
				TARGETED_DEVICE_FAMILY = "1,2";
				VALIDATE_PRODUCT = YES;
			};
			name = Release;
		};
		AA8411531D244ABF000C5AAA /* Debug */ = {
			isa = XCBuildConfiguration;
			baseConfigurationReference = 758EF57AC5A50BD44149ED61 /* Pods-Camera&Cloud.debug.xcconfig */;
			buildSettings = {
				ASSETCATALOG_COMPILER_APPICON_NAME = AppIcon;
				CODE_SIGN_IDENTITY = "iPhone Developer";
				"CODE_SIGN_IDENTITY[sdk=iphoneos*]" = "iPhone Developer";
				INFOPLIST_FILE = "Camera&Cloud/Info.plist";
				LD_RUNPATH_SEARCH_PATHS = "$(inherited) @executable_path/Frameworks";
				PRODUCT_BUNDLE_IDENTIFIER = "TurnToTech.Camera-Cloud";
				PRODUCT_NAME = "$(TARGET_NAME)";
				PROVISIONING_PROFILE = "";
			};
			name = Debug;
		};
		AA8411541D244ABF000C5AAA /* Release */ = {
			isa = XCBuildConfiguration;
			baseConfigurationReference = 9C5889F3C93F3C59A0D85B59 /* Pods-Camera&Cloud.release.xcconfig */;
			buildSettings = {
				ASSETCATALOG_COMPILER_APPICON_NAME = AppIcon;
				CODE_SIGN_IDENTITY = "iPhone Developer";
				"CODE_SIGN_IDENTITY[sdk=iphoneos*]" = "iPhone Developer";
				INFOPLIST_FILE = "Camera&Cloud/Info.plist";
				LD_RUNPATH_SEARCH_PATHS = "$(inherited) @executable_path/Frameworks";
				PRODUCT_BUNDLE_IDENTIFIER = "TurnToTech.Camera-Cloud";
				PRODUCT_NAME = "$(TARGET_NAME)";
				PROVISIONING_PROFILE = "";
			};
			name = Release;
		};
/* End XCBuildConfiguration section */

/* Begin XCConfigurationList section */
		AA8411331D244ABF000C5AAA /* Build configuration list for PBXProject "Camera&Cloud" */ = {
			isa = XCConfigurationList;
			buildConfigurations = (
				AA8411501D244ABF000C5AAA /* Debug */,
				AA8411511D244ABF000C5AAA /* Release */,
			);
			defaultConfigurationIsVisible = 0;
			defaultConfigurationName = Release;
		};
		AA8411521D244ABF000C5AAA /* Build configuration list for PBXNativeTarget "Camera&Cloud" */ = {
			isa = XCConfigurationList;
			buildConfigurations = (
				AA8411531D244ABF000C5AAA /* Debug */,
				AA8411541D244ABF000C5AAA /* Release */,
			);
			defaultConfigurationIsVisible = 0;
			defaultConfigurationName = Release;
		};
/* End XCConfigurationList section */
	};
	rootObject = AA8411301D244ABF000C5AAA /* Project object */;
}
